
Microsoft Visual Studio Solution File, Format Version 12.00
# Visual Studio Version 17
VisualStudioVersion = 17.14.37216.2 d17.14
MinimumVisualStudioVersion = 10.0.40219.1
Project("{FAE04EC0-301F-11D3-BF4B-00C04F79EFBC}") = "CanchaGO", "CanchaGO.csproj", "{DF0B3B3A-1B1C-463E-A6BE-798E57C2AD7F}"
EndProject
Global
	GlobalSection(SolutionConfigurationPlatforms) = preSolution
		Debug|Any CPU = Debug|Any CPU
		Release|Any CPU = Release|Any CPU
	EndGlobalSection
	GlobalSection(ProjectConfigurationPlatforms) = postSolution
		{DF0B3B3A-1B1C-463E-A6BE-798E57C2AD7F}.Debug|Any CPU.ActiveCfg = Debug|Any CPU
		{DF0B3B3A-1B1C-463E-A6BE-798E57C2AD7F}.Debug|Any CPU.Build.0 = Debug|Any CPU
		{DF0B3B3A-1B1C-463E-A6BE-798E57C2AD7F}.Release|Any CPU.ActiveCfg = Release|Any CPU
		{DF0B3B3A-1B1C-463E-A6BE-798E57C2AD7F}.Release|Any CPU.Build.0 = Release|Any CPU
	EndGlobalSection
	GlobalSection(SolutionProperties) = preSolution
		HideSolutionNode = FALSE
	EndGlobalSection
	GlobalSection(ExtensibilityGlobals) = postSolution
		SolutionGuid = {3F63636A-6184-4BB8-A6C0-ABA5F4BD88D1}
	EndGlobalSection
EndGlobal
